
Microsoft Visual Studio Solution File, Format Version 10.00
# Visual Studio 2008
Project("{FAE04EC0-301F-11D3-BF4B-00C04F79EFBC}") = "PcBolt", "PcBolt\PcBolt.csproj", "{D515D03A-3ED2-44DA-8C48-71BB7A198533}"
EndProject
Project("{FAE04EC0-301F-11D3-BF4B-00C04F79EFBC}") = "Teszt", "..\..\..\..\programozas\CSharp\Teszt2\Teszt\Teszt.csproj", "{6CA1E984-187F-447C-8E19-D7E9BD5519C5}"
EndProject
Global
	GlobalSection(SolutionConfigurationPlatforms) = preSolution
		Debug|Any CPU = Debug|Any CPU
		Release|Any CPU = Release|Any CPU
	EndGlobalSection
	GlobalSection(ProjectConfigurationPlatforms) = postSolution
		{D515D03A-3ED2-44DA-8C48-71BB7A198533}.Debug|Any CPU.ActiveCfg = Debug|Any CPU
		{D515D03A-3ED2-44DA-8C48-71BB7A198533}.Debug|Any CPU.Build.0 = Debug|Any CPU
		{D515D03A-3ED2-44DA-8C48-71BB7A198533}.Release|Any CPU.ActiveCfg = Release|Any CPU
		{D515D03A-3ED2-44DA-8C48-71BB7A198533}.Release|Any CPU.Build.0 = Release|Any CPU
		{6CA1E984-187F-447C-8E19-D7E9BD5519C5}.Debug|Any CPU.ActiveCfg = Debug|Any CPU
		{6CA1E984-187F-447C-8E19-D7E9BD5519C5}.Debug|Any CPU.Build.0 = Debug|Any CPU
		{6CA1E984-187F-447C-8E19-D7E9BD5519C5}.Release|Any CPU.ActiveCfg = Release|Any CPU
		{6CA1E984-187F-447C-8E19-D7E9BD5519C5}.Release|Any CPU.Build.0 = Release|Any CPU
	EndGlobalSection
	GlobalSection(SolutionProperties) = preSolution
		HideSolutionNode = FALSE
	EndGlobalSection
	GlobalSection(ExtensibilityGlobals) = postSolution
		VisualSVNWorkingCopyRoot = .
	EndGlobalSection
EndGlobal
